// !$*UTF8*$!
{
	archiveVersion = 1;
	classes = {
	};
	objectVersion = 51;
	objects = {

/* Begin PBXBuildFile section */
		8311E8F922888F7200344690 /* FriendsRealmSwiftyJSON.swift in Sources */ = {isa = PBXBuildFile; fileRef = 8311E8F822888F7200344690 /* FriendsRealmSwiftyJSON.swift */; };
		8311E8FD228C9FC900344690 /* GroupsRealmSwiftyJSON.swift in Sources */ = {isa = PBXBuildFile; fileRef = 8311E8FC228C9FC900344690 /* GroupsRealmSwiftyJSON.swift */; };
		8311E8FF228DB9C300344690 /* PhotoRealmSwiftyJSON.swift in Sources */ = {isa = PBXBuildFile; fileRef = 8311E8FE228DB9C300344690 /* PhotoRealmSwiftyJSON.swift */; };
		83666B5C225509D700B83B4C /* AppDelegate.swift in Sources */ = {isa = PBXBuildFile; fileRef = 83666B5B225509D700B83B4C /* AppDelegate.swift */; };
		83666B5E225509D700B83B4C /* VkoViewController.swift in Sources */ = {isa = PBXBuildFile; fileRef = 83666B5D225509D700B83B4C /* VkoViewController.swift */; };
		83666B61225509D700B83B4C /* Main.storyboard in Resources */ = {isa = PBXBuildFile; fileRef = 83666B5F225509D700B83B4C /* Main.storyboard */; };
		83666B66225509D800B83B4C /* LaunchScreen.storyboard in Resources */ = {isa = PBXBuildFile; fileRef = 83666B64225509D800B83B4C /* LaunchScreen.storyboard */; };
		83666B6E2258EB6600B83B4C /* Assets.xcassets in Resources */ = {isa = PBXBuildFile; fileRef = 83666B6D2258EB6600B83B4C /* Assets.xcassets */; };
		837DD83B225BD23600A9A709 /* FriendsTableViewController.swift in Sources */ = {isa = PBXBuildFile; fileRef = 837DD83A225BD23600A9A709 /* FriendsTableViewController.swift */; };
		837DD83D225BD26D00A9A709 /* GroupsTableViewController.swift in Sources */ = {isa = PBXBuildFile; fileRef = 837DD83C225BD26D00A9A709 /* GroupsTableViewController.swift */; };
		837DD83F225D118A00A9A709 /* AllGroupsTableViewController.swift in Sources */ = {isa = PBXBuildFile; fileRef = 837DD83E225D118A00A9A709 /* AllGroupsTableViewController.swift */; };
		837DD841225D120300A9A709 /* OneFriendCollectionViewController.swift in Sources */ = {isa = PBXBuildFile; fileRef = 837DD840225D120300A9A709 /* OneFriendCollectionViewController.swift */; };
		837DD845225E7D1900A9A709 /* AllGroupTableViewCell.swift in Sources */ = {isa = PBXBuildFile; fileRef = 837DD844225E7D1900A9A709 /* AllGroupTableViewCell.swift */; };
		837DD847225FC14A00A9A709 /* FotoFriendCollectionCell.swift in Sources */ = {isa = PBXBuildFile; fileRef = 837DD846225FC14A00A9A709 /* FotoFriendCollectionCell.swift */; };
		837DD849225FD6B000A9A709 /* FriendsTableViewCell.swift in Sources */ = {isa = PBXBuildFile; fileRef = 837DD848225FD6B000A9A709 /* FriendsTableViewCell.swift */; };
		837DD84B225FD82C00A9A709 /* GroupsCell.swift in Sources */ = {isa = PBXBuildFile; fileRef = 837DD84A225FD82C00A9A709 /* GroupsCell.swift */; };
		839176BC227AE0EB00A31713 /* MyUIView.swift in Sources */ = {isa = PBXBuildFile; fileRef = 839176BB227AE0EB00A31713 /* MyUIView.swift */; };
		839176BF227B538700A31713 /* SessionSingletone.swift in Sources */ = {isa = PBXBuildFile; fileRef = 839176BE227B538700A31713 /* SessionSingletone.swift */; };
		839176C1227EE64300A31713 /* NetworkService.swift in Sources */ = {isa = PBXBuildFile; fileRef = 839176C0227EE64300A31713 /* NetworkService.swift */; };
		839176C322835B8800A31713 /* AlamofireSession.swift in Sources */ = {isa = PBXBuildFile; fileRef = 839176C222835B8800A31713 /* AlamofireSession.swift */; };
		839176C522842D0C00A31713 /* VkoService.swift in Sources */ = {isa = PBXBuildFile; fileRef = 839176C422842D0C00A31713 /* VkoService.swift */; };
		839176C72284450E00A31713 /* VkoLoginWebViewController.swift in Sources */ = {isa = PBXBuildFile; fileRef = 839176C62284450E00A31713 /* VkoLoginWebViewController.swift */; };
		839176C92284766D00A31713 /* WebKit.framework in Frameworks */ = {isa = PBXBuildFile; fileRef = 839176C82284766C00A31713 /* WebKit.framework */; };
		83C3EF4A22C40D7C002F8553 /* NewsTableViewController.swift in Sources */ = {isa = PBXBuildFile; fileRef = 83C3EF4922C40D7C002F8553 /* NewsTableViewController.swift */; };
		83C3EF4D22C40DB2002F8553 /* NewsCell.swift in Sources */ = {isa = PBXBuildFile; fileRef = 83C3EF4C22C40DB2002F8553 /* NewsCell.swift */; };
		83C3EF5022C40E37002F8553 /* NewsService.swift in Sources */ = {isa = PBXBuildFile; fileRef = 83C3EF4F22C40E37002F8553 /* NewsService.swift */; };
		83C3EF5222C41360002F8553 /* NewsRealmSwiftyJsone.swift in Sources */ = {isa = PBXBuildFile; fileRef = 83C3EF5122C41360002F8553 /* NewsRealmSwiftyJsone.swift */; };
		83F6E2C022993B7600DEB419 /* AddGroupRealm.swift in Sources */ = {isa = PBXBuildFile; fileRef = 83F6E2BF22993B7600DEB419 /* AddGroupRealm.swift */; };
		83F6E2C322998F7400DEB419 /* RealmProvider.swift in Sources */ = {isa = PBXBuildFile; fileRef = 83F6E2C222998F7400DEB419 /* RealmProvider.swift */; };
		83F6E2C522A868C300DEB419 /* RealmChanges.swift in Sources */ = {isa = PBXBuildFile; fileRef = 83F6E2C422A868C300DEB419 /* RealmChanges.swift */; };
		83F6E2C922AC4A4300DEB419 /* GoogleService-Info.plist in Resources */ = {isa = PBXBuildFile; fileRef = 83F6E2C822AC4A4300DEB419 /* GoogleService-Info.plist */; };
		83F6E2CB22AD1A3E00DEB419 /* UserInfoFirebase.swift in Sources */ = {isa = PBXBuildFile; fileRef = 83F6E2CA22AD1A3E00DEB419 /* UserInfoFirebase.swift */; };
		F97D7409D6D43C3B752B2553 /* Pods_Vkontakte_GB_Result.framework in Frameworks */ = {isa = PBXBuildFile; fileRef = 1A547BCD7AFFC14BE679345D /* Pods_Vkontakte_GB_Result.framework */; };
/* End PBXBuildFile section */

/* Begin PBXFileReference section */
		00E049D93EC24D38DA5030F4 /* Pods-Vkontakte-GB-Result.debug.xcconfig */ = {isa = PBXFileReference; includeInIndex = 1; lastKnownFileType = text.xcconfig; name = "Pods-Vkontakte-GB-Result.debug.xcconfig"; path = "Target Support Files/Pods-Vkontakte-GB-Result/Pods-Vkontakte-GB-Result.debug.xcconfig"; sourceTree = "<group>"; };
		1A547BCD7AFFC14BE679345D /* Pods_Vkontakte_GB_Result.framework */ = {isa = PBXFileReference; explicitFileType = wrapper.framework; includeInIndex = 0; path = Pods_Vkontakte_GB_Result.framework; sourceTree = BUILT_PRODUCTS_DIR; };
		41171B4ADC75F7FAF417E344 /* Pods-Vkontakte-GB-Result.release.xcconfig */ = {isa = PBXFileReference; includeInIndex = 1; lastKnownFileType = text.xcconfig; name = "Pods-Vkontakte-GB-Result.release.xcconfig"; path = "Target Support Files/Pods-Vkontakte-GB-Result/Pods-Vkontakte-GB-Result.release.xcconfig"; sourceTree = "<group>"; };
		8311E8F822888F7200344690 /* FriendsRealmSwiftyJSON.swift */ = {isa = PBXFileReference; lastKnownFileType = sourcecode.swift; path = FriendsRealmSwiftyJSON.swift; sourceTree = "<group>"; };
		8311E8FC228C9FC900344690 /* GroupsRealmSwiftyJSON.swift */ = {isa = PBXFileReference; lastKnownFileType = sourcecode.swift; path = GroupsRealmSwiftyJSON.swift; sourceTree = "<group>"; };
		8311E8FE228DB9C300344690 /* PhotoRealmSwiftyJSON.swift */ = {isa = PBXFileReference; lastKnownFileType = sourcecode.swift; path = PhotoRealmSwiftyJSON.swift; sourceTree = "<group>"; };
		83666B58225509D700B83B4C /* Vkontakte-GB-Result.app */ = {isa = PBXFileReference; explicitFileType = wrapper.application; includeInIndex = 0; path = "Vkontakte-GB-Result.app"; sourceTree = BUILT_PRODUCTS_DIR; };
		83666B5B225509D700B83B4C /* AppDelegate.swift */ = {isa = PBXFileReference; lastKnownFileType = sourcecode.swift; path = AppDelegate.swift; sourceTree = "<group>"; };
		83666B5D225509D700B83B4C /* VkoViewController.swift */ = {isa = PBXFileReference; lastKnownFileType = sourcecode.swift; path = VkoViewController.swift; sourceTree = "<group>"; };
		83666B60225509D700B83B4C /* Base */ = {isa = PBXFileReference; lastKnownFileType = file.storyboard; name = Base; path = Base.lproj/Main.storyboard; sourceTree = "<group>"; };
		83666B65225509D800B83B4C /* Base */ = {isa = PBXFileReference; lastKnownFileType = file.storyboard; name = Base; path = Base.lproj/LaunchScreen.storyboard; sourceTree = "<group>"; };
		83666B67225509D800B83B4C /* Info.plist */ = {isa = PBXFileReference; lastKnownFileType = text.plist.xml; path = Info.plist; sourceTree = "<group>"; };
		83666B6D2258EB6600B83B4C /* Assets.xcassets */ = {isa = PBXFileReference; lastKnownFileType = folder.assetcatalog; path = Assets.xcassets; sourceTree = "<group>"; };
		837DD83A225BD23600A9A709 /* FriendsTableViewController.swift */ = {isa = PBXFileReference; lastKnownFileType = sourcecode.swift; path = FriendsTableViewController.swift; sourceTree = "<group>"; };
		837DD83C225BD26D00A9A709 /* GroupsTableViewController.swift */ = {isa = PBXFileReference; lastKnownFileType = sourcecode.swift; path = GroupsTableViewController.swift; sourceTree = "<group>"; };
		837DD83E225D118A00A9A709 /* AllGroupsTableViewController.swift */ = {isa = PBXFileReference; lastKnownFileType = sourcecode.swift; path = AllGroupsTableViewController.swift; sourceTree = "<group>"; };
		837DD840225D120300A9A709 /* OneFriendCollectionViewController.swift */ = {isa = PBXFileReference; lastKnownFileType = sourcecode.swift; path = OneFriendCollectionViewController.swift; sourceTree = "<group>"; };
		837DD844225E7D1900A9A709 /* AllGroupTableViewCell.swift */ = {isa = PBXFileReference; lastKnownFileType = sourcecode.swift; path = AllGroupTableViewCell.swift; sourceTree = "<group>"; };
		837DD846225FC14A00A9A709 /* FotoFriendCollectionCell.swift */ = {isa = PBXFileReference; lastKnownFileType = sourcecode.swift; path = FotoFriendCollectionCell.swift; sourceTree = "<group>"; };
		837DD848225FD6B000A9A709 /* FriendsTableViewCell.swift */ = {isa = PBXFileReference; lastKnownFileType = sourcecode.swift; path = FriendsTableViewCell.swift; sourceTree = "<group>"; };
		837DD84A225FD82C00A9A709 /* GroupsCell.swift */ = {isa = PBXFileReference; lastKnownFileType = sourcecode.swift; path = GroupsCell.swift; sourceTree = "<group>"; };
		839176BB227AE0EB00A31713 /* MyUIView.swift */ = {isa = PBXFileReference; lastKnownFileType = sourcecode.swift; path = MyUIView.swift; sourceTree = "<group>"; };
		839176BE227B538700A31713 /* SessionSingletone.swift */ = {isa = PBXFileReference; lastKnownFileType = sourcecode.swift; path = SessionSingletone.swift; sourceTree = "<group>"; };
		839176C0227EE64300A31713 /* NetworkService.swift */ = {isa = PBXFileReference; lastKnownFileType = sourcecode.swift; path = NetworkService.swift; sourceTree = "<group>"; };
		839176C222835B8800A31713 /* AlamofireSession.swift */ = {isa = PBXFileReference; lastKnownFileType = sourcecode.swift; path = AlamofireSession.swift; sourceTree = "<group>"; };
		839176C422842D0C00A31713 /* VkoService.swift */ = {isa = PBXFileReference; lastKnownFileType = sourcecode.swift; path = VkoService.swift; sourceTree = "<group>"; };
		839176C62284450E00A31713 /* VkoLoginWebViewController.swift */ = {isa = PBXFileReference; lastKnownFileType = sourcecode.swift; path = VkoLoginWebViewController.swift; sourceTree = "<group>"; };
		839176C82284766C00A31713 /* WebKit.framework */ = {isa = PBXFileReference; lastKnownFileType = wrapper.framework; name = WebKit.framework; path = System/Library/Frameworks/WebKit.framework; sourceTree = SDKROOT; };
		83C3EF4922C40D7C002F8553 /* NewsTableViewController.swift */ = {isa = PBXFileReference; lastKnownFileType = sourcecode.swift; path = NewsTableViewController.swift; sourceTree = "<group>"; };
		83C3EF4C22C40DB2002F8553 /* NewsCell.swift */ = {isa = PBXFileReference; lastKnownFileType = sourcecode.swift; path = NewsCell.swift; sourceTree = "<group>"; };
		83C3EF4F22C40E37002F8553 /* NewsService.swift */ = {isa = PBXFileReference; lastKnownFileType = sourcecode.swift; path = NewsService.swift; sourceTree = "<group>"; };
		83C3EF5122C41360002F8553 /* NewsRealmSwiftyJsone.swift */ = {isa = PBXFileReference; lastKnownFileType = sourcecode.swift; path = NewsRealmSwiftyJsone.swift; sourceTree = "<group>"; };
		83F6E2BF22993B7600DEB419 /* AddGroupRealm.swift */ = {isa = PBXFileReference; lastKnownFileType = sourcecode.swift; path = AddGroupRealm.swift; sourceTree = "<group>"; };
		83F6E2C222998F7400DEB419 /* RealmProvider.swift */ = {isa = PBXFileReference; lastKnownFileType = sourcecode.swift; path = RealmProvider.swift; sourceTree = "<group>"; };
		83F6E2C422A868C300DEB419 /* RealmChanges.swift */ = {isa = PBXFileReference; lastKnownFileType = sourcecode.swift; path = RealmChanges.swift; sourceTree = "<group>"; };
		83F6E2C822AC4A4300DEB419 /* GoogleService-Info.plist */ = {isa = PBXFileReference; fileEncoding = 4; lastKnownFileType = text.plist.xml; path = "GoogleService-Info.plist"; sourceTree = "<group>"; };
		83F6E2CA22AD1A3E00DEB419 /* UserInfoFirebase.swift */ = {isa = PBXFileReference; lastKnownFileType = sourcecode.swift; path = UserInfoFirebase.swift; sourceTree = "<group>"; };
/* End PBXFileReference section */

/* Begin PBXFrameworksBuildPhase section */
		83666B55225509D700B83B4C /* Frameworks */ = {
			isa = PBXFrameworksBuildPhase;
			buildActionMask = 2147483647;
			files = (
				839176C92284766D00A31713 /* WebKit.framework in Frameworks */,
				F97D7409D6D43C3B752B2553 /* Pods_Vkontakte_GB_Result.framework in Frameworks */,
			);
			runOnlyForDeploymentPostprocessing = 0;
		};
/* End PBXFrameworksBuildPhase section */

/* Begin PBXGroup section */
		2EB2105E60E19347DD0A45DF /* Pods */ = {
			isa = PBXGroup;
			children = (
				00E049D93EC24D38DA5030F4 /* Pods-Vkontakte-GB-Result.debug.xcconfig */,
				41171B4ADC75F7FAF417E344 /* Pods-Vkontakte-GB-Result.release.xcconfig */,
			);
			path = Pods;
			sourceTree = "<group>";
		};
		8311E8F722888F3300344690 /* Model */ = {
			isa = PBXGroup;
			children = (
				839176BE227B538700A31713 /* SessionSingletone.swift */,
			);
			path = Model;
			sourceTree = "<group>";
		};
		8311E8FA228B5A5D00344690 /* FriendsRealmSwiftyJSON */ = {
			isa = PBXGroup;
			children = (
				8311E8F822888F7200344690 /* FriendsRealmSwiftyJSON.swift */,
				8311E8FE228DB9C300344690 /* PhotoRealmSwiftyJSON.swift */,
			);
			path = FriendsRealmSwiftyJSON;
			sourceTree = "<group>";
		};
		8311E8FB228C9F8D00344690 /* groupssRealmSwiftyJSON */ = {
			isa = PBXGroup;
			children = (
				8311E8FC228C9FC900344690 /* GroupsRealmSwiftyJSON.swift */,
				83F6E2BF22993B7600DEB419 /* AddGroupRealm.swift */,
				83F6E2CA22AD1A3E00DEB419 /* UserInfoFirebase.swift */,
			);
			path = groupssRealmSwiftyJSON;
			sourceTree = "<group>";
		};
		83666B4F225509D700B83B4C = {
			isa = PBXGroup;
			children = (
				83666B5A225509D700B83B4C /* Vkontakte-GB-Result */,
				83666B59225509D700B83B4C /* Products */,
				2EB2105E60E19347DD0A45DF /* Pods */,
				C06D4F4DD637A3535AA464C0 /* Frameworks */,
			);
			sourceTree = "<group>";
		};
		83666B59225509D700B83B4C /* Products */ = {
			isa = PBXGroup;
			children = (
				83666B58225509D700B83B4C /* Vkontakte-GB-Result.app */,
			);
			name = Products;
			sourceTree = "<group>";
		};
		83666B5A225509D700B83B4C /* Vkontakte-GB-Result */ = {
			isa = PBXGroup;
			children = (
				83666B5B225509D700B83B4C /* AppDelegate.swift */,
				83666B5D225509D700B83B4C /* VkoViewController.swift */,
				839176C62284450E00A31713 /* VkoLoginWebViewController.swift */,
				83F6E2C122998F3900DEB419 /* RealmProvider */,
				8311E8F722888F3300344690 /* Model */,
				839176BD227B533E00A31713 /* Network */,
				83C3EF4822C40267002F8553 /* News */,
				837DD843225D125A00A9A709 /* Friends */,
				837DD842225D122100A9A709 /* Group */,
				83666B5F225509D700B83B4C /* Main.storyboard */,
				83666B64225509D800B83B4C /* LaunchScreen.storyboard */,
				839176BB227AE0EB00A31713 /* MyUIView.swift */,
				83666B6D2258EB6600B83B4C /* Assets.xcassets */,
				83666B67225509D800B83B4C /* Info.plist */,
				83F6E2C822AC4A4300DEB419 /* GoogleService-Info.plist */,
			);
			path = "Vkontakte-GB-Result";
			sourceTree = "<group>";
		};
		837DD842225D122100A9A709 /* Group */ = {
			isa = PBXGroup;
			children = (
				837DD83E225D118A00A9A709 /* AllGroupsTableViewController.swift */,
				837DD83C225BD26D00A9A709 /* GroupsTableViewController.swift */,
				8311E8FB228C9F8D00344690 /* groupssRealmSwiftyJSON */,
				837DD84C225FD8CE00A9A709 /* GroupCell */,
			);
			path = Group;
			sourceTree = "<group>";
		};
		837DD843225D125A00A9A709 /* Friends */ = {
			isa = PBXGroup;
			children = (
				837DD83A225BD23600A9A709 /* FriendsTableViewController.swift */,
				837DD840225D120300A9A709 /* OneFriendCollectionViewController.swift */,
				8311E8FA228B5A5D00344690 /* FriendsRealmSwiftyJSON */,
				837DD84D225FD90000A9A709 /* FriendsCell */,
			);
			path = Friends;
			sourceTree = "<group>";
		};
		837DD84C225FD8CE00A9A709 /* GroupCell */ = {
			isa = PBXGroup;
			children = (
				837DD84A225FD82C00A9A709 /* GroupsCell.swift */,
				837DD844225E7D1900A9A709 /* AllGroupTableViewCell.swift */,
			);
			path = GroupCell;
			sourceTree = "<group>";
		};
		837DD84D225FD90000A9A709 /* FriendsCell */ = {
			isa = PBXGroup;
			children = (
				837DD848225FD6B000A9A709 /* FriendsTableViewCell.swift */,
				837DD846225FC14A00A9A709 /* FotoFriendCollectionCell.swift */,
			);
			path = FriendsCell;
			sourceTree = "<group>";
		};
		839176BD227B533E00A31713 /* Network */ = {
			isa = PBXGroup;
			children = (
				839176C422842D0C00A31713 /* VkoService.swift */,
				83C3EF4F22C40E37002F8553 /* NewsService.swift */,
				839176C0227EE64300A31713 /* NetworkService.swift */,
				839176C222835B8800A31713 /* AlamofireSession.swift */,
			);
			path = Network;
			sourceTree = "<group>";
		};
		83C3EF4822C40267002F8553 /* News */ = {
			isa = PBXGroup;
			children = (
				83C3EF4922C40D7C002F8553 /* NewsTableViewController.swift */,
				83C3EF4E22C40DB9002F8553 /* NewsRealmSwiftyJSON */,
				83C3EF4B22C40D86002F8553 /* NewsCell */,
			);
			path = News;
			sourceTree = "<group>";
		};
		83C3EF4B22C40D86002F8553 /* NewsCell */ = {
			isa = PBXGroup;
			children = (
				83C3EF4C22C40DB2002F8553 /* NewsCell.swift */,
			);
			path = NewsCell;
			sourceTree = "<group>";
		};
		83C3EF4E22C40DB9002F8553 /* NewsRealmSwiftyJSON */ = {
			isa = PBXGroup;
			children = (
				83C3EF5122C41360002F8553 /* NewsRealmSwiftyJsone.swift */,
			);
			path = NewsRealmSwiftyJSON;
			sourceTree = "<group>";
		};
		83F6E2C122998F3900DEB419 /* RealmProvider */ = {
			isa = PBXGroup;
			children = (
				83F6E2C222998F7400DEB419 /* RealmProvider.swift */,
				83F6E2C422A868C300DEB419 /* RealmChanges.swift */,
			);
			path = RealmProvider;
			sourceTree = "<group>";
		};
		C06D4F4DD637A3535AA464C0 /* Frameworks */ = {
			isa = PBXGroup;
			children = (
				839176C82284766C00A31713 /* WebKit.framework */,
				1A547BCD7AFFC14BE679345D /* Pods_Vkontakte_GB_Result.framework */,
			);
			name = Frameworks;
			sourceTree = "<group>";
		};
/* End PBXGroup section */

/* Begin PBXNativeTarget section */
		83666B57225509D700B83B4C /* Vkontakte-GB-Result */ = {
			isa = PBXNativeTarget;
			buildConfigurationList = 83666B6A225509D800B83B4C /* Build configuration list for PBXNativeTarget "Vkontakte-GB-Result" */;
			buildPhases = (
				7C0E3952A1366FEACEB559BE /* [CP] Check Pods Manifest.lock */,
				83666B54225509D700B83B4C /* Sources */,
				83666B55225509D700B83B4C /* Frameworks */,
				83666B56225509D700B83B4C /* Resources */,
				B36ECA3CABDF7584D31E9685 /* [CP] Embed Pods Frameworks */,
			);
			buildRules = (
			);
			dependencies = (
			);
			name = "Vkontakte-GB-Result";
			productName = "Vkontakte-GB-Result";
			productReference = 83666B58225509D700B83B4C /* Vkontakte-GB-Result.app */;
			productType = "com.apple.product-type.application";
		};
/* End PBXNativeTarget section */

/* Begin PBXProject section */
		83666B50225509D700B83B4C /* Project object */ = {
			isa = PBXProject;
			attributes = {
				LastSwiftUpdateCheck = 1020;
				LastUpgradeCheck = 1020;
				ORGANIZATIONNAME = "Danil Darskiy-GB-Result";
				TargetAttributes = {
					83666B57225509D700B83B4C = {
						CreatedOnToolsVersion = 10.2;
					};
				};
			};
			buildConfigurationList = 83666B53225509D700B83B4C /* Build configuration list for PBXProject "Vkontakte-GB-Result" */;
			compatibilityVersion = "Xcode 9.3";
			developmentRegion = en;
			hasScannedForEncodings = 0;
			knownRegions = (
				en,
				Base,
			);
			mainGroup = 83666B4F225509D700B83B4C;
			productRefGroup = 83666B59225509D700B83B4C /* Products */;
			projectDirPath = "";
			projectRoot = "";
			targets = (
				83666B57225509D700B83B4C /* Vkontakte-GB-Result */,
			);
		};
/* End PBXProject section */

/* Begin PBXResourcesBuildPhase section */
		83666B56225509D700B83B4C /* Resources */ = {
			isa = PBXResourcesBuildPhase;
			buildActionMask = 2147483647;
			files = (
				83666B66225509D800B83B4C /* LaunchScreen.storyboard in Resources */,
				83F6E2C922AC4A4300DEB419 /* GoogleService-Info.plist in Resources */,
				83666B6E2258EB6600B83B4C /* Assets.xcassets in Resources */,
				83666B61225509D700B83B4C /* Main.storyboard in Resources */,
			);
			runOnlyForDeploymentPostprocessing = 0;
		};
/* End PBXResourcesBuildPhase section */

/* Begin PBXShellScriptBuildPhase section */
		7C0E3952A1366FEACEB559BE /* [CP] Check Pods Manifest.lock */ = {
			isa = PBXShellScriptBuildPhase;
			buildActionMask = 2147483647;
			files = (
			);
			inputFileListPaths = (
			);
			inputPaths = (
				"${PODS_PODFILE_DIR_PATH}/Podfile.lock",
				"${PODS_ROOT}/Manifest.lock",
			);
			name = "[CP] Check Pods Manifest.lock";
			outputFileListPaths = (
			);
			outputPaths = (
				"$(DERIVED_FILE_DIR)/Pods-Vkontakte-GB-Result-checkManifestLockResult.txt",
			);
			runOnlyForDeploymentPostprocessing = 0;
			shellPath = /bin/sh;
			shellScript = "diff \"${PODS_PODFILE_DIR_PATH}/Podfile.lock\" \"${PODS_ROOT}/Manifest.lock\" > /dev/null\nif [ $? != 0 ] ; then\n    # print error to STDERR\n    echo \"error: The sandbox is not in sync with the Podfile.lock. Run 'pod install' or update your CocoaPods installation.\" >&2\n    exit 1\nfi\n# This output is used by Xcode 'outputs' to avoid re-running this script phase.\necho \"SUCCESS\" > \"${SCRIPT_OUTPUT_FILE_0}\"\n";
			showEnvVarsInLog = 0;
		};
		B36ECA3CABDF7584D31E9685 /* [CP] Embed Pods Frameworks */ = {
			isa = PBXShellScriptBuildPhase;
			buildActionMask = 2147483647;
			files = (
			);
			inputFileListPaths = (
				"${PODS_ROOT}/Target Support Files/Pods-Vkontakte-GB-Result/Pods-Vkontakte-GB-Result-frameworks-${CONFIGURATION}-input-files.xcfilelist",
			);
			name = "[CP] Embed Pods Frameworks";
			outputFileListPaths = (
				"${PODS_ROOT}/Target Support Files/Pods-Vkontakte-GB-Result/Pods-Vkontakte-GB-Result-frameworks-${CONFIGURATION}-output-files.xcfilelist",
			);
			runOnlyForDeploymentPostprocessing = 0;
			shellPath = /bin/sh;
			shellScript = "\"${PODS_ROOT}/Target Support Files/Pods-Vkontakte-GB-Result/Pods-Vkontakte-GB-Result-frameworks.sh\"\n";
			showEnvVarsInLog = 0;
		};
/* End PBXShellScriptBuildPhase section */

/* Begin PBXSourcesBuildPhase section */
		83666B54225509D700B83B4C /* Sources */ = {
			isa = PBXSourcesBuildPhase;
			buildActionMask = 2147483647;
			files = (
				839176C72284450E00A31713 /* VkoLoginWebViewController.swift in Sources */,
				837DD849225FD6B000A9A709 /* FriendsTableViewCell.swift in Sources */,
				8311E8FF228DB9C300344690 /* PhotoRealmSwiftyJSON.swift in Sources */,
				839176C522842D0C00A31713 /* VkoService.swift in Sources */,
				83666B5E225509D700B83B4C /* VkoViewController.swift in Sources */,
				83F6E2C022993B7600DEB419 /* AddGroupRealm.swift in Sources */,
				837DD845225E7D1900A9A709 /* AllGroupTableViewCell.swift in Sources */,
				837DD83D225BD26D00A9A709 /* GroupsTableViewController.swift in Sources */,
				83F6E2CB22AD1A3E00DEB419 /* UserInfoFirebase.swift in Sources */,
				837DD83F225D118A00A9A709 /* AllGroupsTableViewController.swift in Sources */,
				8311E8F922888F7200344690 /* FriendsRealmSwiftyJSON.swift in Sources */,
				839176C322835B8800A31713 /* AlamofireSession.swift in Sources */,
				8311E8FD228C9FC900344690 /* GroupsRealmSwiftyJSON.swift in Sources */,
				837DD84B225FD82C00A9A709 /* GroupsCell.swift in Sources */,
				837DD847225FC14A00A9A709 /* FotoFriendCollectionCell.swift in Sources */,
				839176BF227B538700A31713 /* SessionSingletone.swift in Sources */,
				839176BC227AE0EB00A31713 /* MyUIView.swift in Sources */,
				837DD841225D120300A9A709 /* OneFriendCollectionViewController.swift in Sources */,
				83C3EF5222C41360002F8553 /* NewsRealmSwiftyJsone.swift in Sources */,
				83F6E2C522A868C300DEB419 /* RealmChanges.swift in Sources */,
				83F6E2C322998F7400DEB419 /* RealmProvider.swift in Sources */,
				83C3EF5022C40E37002F8553 /* NewsService.swift in Sources */,
				83C3EF4A22C40D7C002F8553 /* NewsTableViewController.swift in Sources */,
				83666B5C225509D700B83B4C /* AppDelegate.swift in Sources */,
				839176C1227EE64300A31713 /* NetworkService.swift in Sources */,
				837DD83B225BD23600A9A709 /* FriendsTableViewController.swift in Sources */,
				83C3EF4D22C40DB2002F8553 /* NewsCell.swift in Sources */,
			);
			runOnlyForDeploymentPostprocessing = 0;
		};
/* End PBXSourcesBuildPhase section */

/* Begin PBXVariantGroup section */
		83666B5F225509D700B83B4C /* Main.storyboard */ = {
			isa = PBXVariantGroup;
			children = (
				83666B60225509D700B83B4C /* Base */,
			);
			name = Main.storyboard;
			sourceTree = "<group>";
		};
		83666B64225509D800B83B4C /* LaunchScreen.storyboard */ = {
			isa = PBXVariantGroup;
			children = (
				83666B65225509D800B83B4C /* Base */,
			);
			name = LaunchScreen.storyboard;
			sourceTree = "<group>";
		};
/* End PBXVariantGroup section */

/* Begin XCBuildConfiguration section */
		83666B68225509D800B83B4C /* Debug */ = {
			isa = XCBuildConfiguration;
			buildSettings = {
				ALWAYS_SEARCH_USER_PATHS = NO;
				CLANG_ANALYZER_NONNULL = YES;
				CLANG_ANALYZER_NUMBER_OBJECT_CONVERSION = YES_AGGRESSIVE;
				CLANG_CXX_LANGUAGE_STANDARD = "gnu++14";
				CLANG_CXX_LIBRARY = "libc++";
				CLANG_ENABLE_MODULES = YES;
				CLANG_ENABLE_OBJC_ARC = YES;
				CLANG_ENABLE_OBJC_WEAK = YES;
				CLANG_WARN_BLOCK_CAPTURE_AUTORELEASING = YES;
				CLANG_WARN_BOOL_CONVERSION = YES;
				CLANG_WARN_COMMA = YES;
				CLANG_WARN_CONSTANT_CONVERSION = YES;
				CLANG_WARN_DEPRECATED_OBJC_IMPLEMENTATIONS = YES;
				CLANG_WARN_DIRECT_OBJC_ISA_USAGE = YES_ERROR;
				CLANG_WARN_DOCUMENTATION_COMMENTS = YES;
				CLANG_WARN_EMPTY_BODY = YES;
				CLANG_WARN_ENUM_CONVERSION = YES;
				CLANG_WARN_INFINITE_RECURSION = YES;
				CLANG_WARN_INT_CONVERSION = YES;
				CLANG_WARN_NON_LITERAL_NULL_CONVERSION = YES;
				CLANG_WARN_OBJC_IMPLICIT_RETAIN_SELF = YES;
				CLANG_WARN_OBJC_LITERAL_CONVERSION = YES;
				CLANG_WARN_OBJC_ROOT_CLASS = YES_ERROR;
				CLANG_WARN_RANGE_LOOP_ANALYSIS = YES;
				CLANG_WARN_STRICT_PROTOTYPES = YES;
				CLANG_WARN_SUSPICIOUS_MOVE = YES;
				CLANG_WARN_UNGUARDED_AVAILABILITY = YES_AGGRESSIVE;
				CLANG_WARN_UNREACHABLE_CODE = YES;
				CLANG_WARN__DUPLICATE_METHOD_MATCH = YES;
				CODE_SIGN_IDENTITY = "iPhone Developer";
				COPY_PHASE_STRIP = NO;
				DEBUG_INFORMATION_FORMAT = dwarf;
				ENABLE_STRICT_OBJC_MSGSEND = YES;
				ENABLE_TESTABILITY = YES;
				GCC_C_LANGUAGE_STANDARD = gnu11;
				GCC_DYNAMIC_NO_PIC = NO;
				GCC_NO_COMMON_BLOCKS = YES;
				GCC_OPTIMIZATION_LEVEL = 0;
				GCC_PREPROCESSOR_DEFINITIONS = (
					"DEBUG=1",
					"$(inherited)",
				);
				GCC_WARN_64_TO_32_BIT_CONVERSION = YES;
				GCC_WARN_ABOUT_RETURN_TYPE = YES_ERROR;
				GCC_WARN_UNDECLARED_SELECTOR = YES;
				GCC_WARN_UNINITIALIZED_AUTOS = YES_AGGRESSIVE;
				GCC_WARN_UNUSED_FUNCTION = YES;
				GCC_WARN_UNUSED_VARIABLE = YES;
				IPHONEOS_DEPLOYMENT_TARGET = 12.2;
				MTL_ENABLE_DEBUG_INFO = INCLUDE_SOURCE;
				MTL_FAST_MATH = YES;
				ONLY_ACTIVE_ARCH = YES;
				SDKROOT = iphoneos;
				SWIFT_ACTIVE_COMPILATION_CONDITIONS = DEBUG;
				SWIFT_OPTIMIZATION_LEVEL = "-Onone";
			};
			name = Debug;
		};
		83666B69225509D800B83B4C /* Release */ = {
			isa = XCBuildConfiguration;
			buildSettings = {
				ALWAYS_SEARCH_USER_PATHS = NO;
				CLANG_ANALYZER_NONNULL = YES;
				CLANG_ANALYZER_NUMBER_OBJECT_CONVERSION = YES_AGGRESSIVE;
				CLANG_CXX_LANGUAGE_STANDARD = "gnu++14";
				CLANG_CXX_LIBRARY = "libc++";
				CLANG_ENABLE_MODULES = YES;
				CLANG_ENABLE_OBJC_ARC = YES;
				CLANG_ENABLE_OBJC_WEAK = YES;
				CLANG_WARN_BLOCK_CAPTURE_AUTORELEASING = YES;
				CLANG_WARN_BOOL_CONVERSION = YES;
				CLANG_WARN_COMMA = YES;
				CLANG_WARN_CONSTANT_CONVERSION = YES;
				CLANG_WARN_DEPRECATED_OBJC_IMPLEMENTATIONS = YES;
				CLANG_WARN_DIRECT_OBJC_ISA_USAGE = YES_ERROR;
				CLANG_WARN_DOCUMENTATION_COMMENTS = YES;
				CLANG_WARN_EMPTY_BODY = YES;
				CLANG_WARN_ENUM_CONVERSION = YES;
				CLANG_WARN_INFINITE_RECURSION = YES;
				CLANG_WARN_INT_CONVERSION = YES;
				CLANG_WARN_NON_LITERAL_NULL_CONVERSION = YES;
				CLANG_WARN_OBJC_IMPLICIT_RETAIN_SELF = YES;
				CLANG_WARN_OBJC_LITERAL_CONVERSION = YES;
				CLANG_WARN_OBJC_ROOT_CLASS = YES_ERROR;
				CLANG_WARN_RANGE_LOOP_ANALYSIS = YES;
				CLANG_WARN_STRICT_PROTOTYPES = YES;
				CLANG_WARN_SUSPICIOUS_MOVE = YES;
				CLANG_WARN_UNGUARDED_AVAILABILITY = YES_AGGRESSIVE;
				CLANG_WARN_UNREACHABLE_CODE = YES;
				CLANG_WARN__DUPLICATE_METHOD_MATCH = YES;
				CODE_SIGN_IDENTITY = "iPhone Developer";
				COPY_PHASE_STRIP = NO;
				DEBUG_INFORMATION_FORMAT = "dwarf-with-dsym";
				ENABLE_NS_ASSERTIONS = NO;
				ENABLE_STRICT_OBJC_MSGSEND = YES;
				GCC_C_LANGUAGE_STANDARD = gnu11;
				GCC_NO_COMMON_BLOCKS = YES;
				GCC_WARN_64_TO_32_BIT_CONVERSION = YES;
				GCC_WARN_ABOUT_RETURN_TYPE = YES_ERROR;
				GCC_WARN_UNDECLARED_SELECTOR = YES;
				GCC_WARN_UNINITIALIZED_AUTOS = YES_AGGRESSIVE;
				GCC_WARN_UNUSED_FUNCTION = YES;
				GCC_WARN_UNUSED_VARIABLE = YES;
				IPHONEOS_DEPLOYMENT_TARGET = 12.2;
				MTL_ENABLE_DEBUG_INFO = NO;
				MTL_FAST_MATH = YES;
				SDKROOT = iphoneos;
				SWIFT_COMPILATION_MODE = wholemodule;
				SWIFT_OPTIMIZATION_LEVEL = "-O";
				VALIDATE_PRODUCT = YES;
			};
			name = Release;
		};
		83666B6B225509D800B83B4C /* Debug */ = {
			isa = XCBuildConfiguration;
			baseConfigurationReference = 00E049D93EC24D38DA5030F4 /* Pods-Vkontakte-GB-Result.debug.xcconfig */;
			buildSettings = {
				ASSETCATALOG_COMPILER_APPICON_NAME = AppIcon;
				CODE_SIGN_STYLE = Automatic;
				DEVELOPMENT_TEAM = KJX5RBL3L3;
				INFOPLIST_FILE = "Vkontakte-GB-Result/Info.plist";
				LD_RUNPATH_SEARCH_PATHS = (
					"$(inherited)",
					"@executable_path/Frameworks",
				);
				PRODUCT_BUNDLE_IDENTIFIER = "Da.Vkontakte-GB-Result";
				PRODUCT_NAME = "$(TARGET_NAME)";
				SWIFT_VERSION = 5.0;
				TARGETED_DEVICE_FAMILY = "1,2";
			};
			name = Debug;
		};
		83666B6C225509D800B83B4C /* Release */ = {
			isa = XCBuildConfiguration;
			baseConfigurationReference = 41171B4ADC75F7FAF417E344 /* Pods-Vkontakte-GB-Result.release.xcconfig */;
			buildSettings = {
				ASSETCATALOG_COMPILER_APPICON_NAME = AppIcon;
				CODE_SIGN_STYLE = Automatic;
				DEVELOPMENT_TEAM = KJX5RBL3L3;
				INFOPLIST_FILE = "Vkontakte-GB-Result/Info.plist";
				LD_RUNPATH_SEARCH_PATHS = (
					"$(inherited)",
					"@executable_path/Frameworks",
				);
				PRODUCT_BUNDLE_IDENTIFIER = "Da.Vkontakte-GB-Result";
				PRODUCT_NAME = "$(TARGET_NAME)";
				SWIFT_VERSION = 5.0;
				TARGETED_DEVICE_FAMILY = "1,2";
			};
			name = Release;
		};
/* End XCBuildConfiguration section */

/* Begin XCConfigurationList section */
		83666B53225509D700B83B4C /* Build configuration list for PBXProject "Vkontakte-GB-Result" */ = {
			isa = XCConfigurationList;
			buildConfigurations = (
				83666B68225509D800B83B4C /* Debug */,
				83666B69225509D800B83B4C /* Release */,
			);
			defaultConfigurationIsVisible = 0;
			defaultConfigurationName = Release;
		};
		83666B6A225509D800B83B4C /* Build configuration list for PBXNativeTarget "Vkontakte-GB-Result" */ = {
			isa = XCConfigurationList;
			buildConfigurations = (
				83666B6B225509D800B83B4C /* Debug */,
				83666B6C225509D800B83B4C /* Release */,
			);
			defaultConfigurationIsVisible = 0;
			defaultConfigurationName = Release;
		};
/* End XCConfigurationList section */
	};
	rootObject = 83666B50225509D700B83B4C /* Project object */;
}
